# @generated by Move, please check-in and do not edit manually.

[move]
version = 3
manifest_digest = "60D05029EF6605CD8ADE6D6FAE9BD764E52F1C805F6AA760046FB4A638F864D3"
deps_digest = "F8BBB0CCB2491CA29A3DF03D6F92277A4F3574266507ACD77214D37ECA3F3082"
dependencies = [
  { id = "Iota", name = "Iota" },
]

[[move.package]]
id = "Iota"
source = { git = "https://github.com/iotaledger/iota.git", rev = "vm-lang/aa-auth/8805-beta-feature-branch", subdir = "crates/iota-framework/packages/iota-framework" }

dependencies = [
  { id = "MoveStdlib", name = "MoveStdlib" },
]

[[move.package]]
id = "MoveStdlib"
source = { git = "https://github.com/iotaledger/iota.git", rev = "vm-lang/aa-auth/8805-beta-feature-branch", subdir = "crates/iota-framework/packages/move-stdlib" }

[move.toolchain-version]
compiler-version = "1.14.0-alpha"
edition = "2024"
flavor = "iota"
