# @generated by Move, please check-in and do not edit manually.

[move]
version = 3
manifest_digest = "AA2638C4F2547EC726F5ACFB2D4C56F20D5B1D20566B8C965F7BABC3F744F117"
deps_digest = "F8BBB0CCB2491CA29A3DF03D6F92277A4F3574266507ACD77214D37ECA3F3082"
dependencies = [
  { id = "Iota", name = "Iota" },
]

[[move.package]]
id = "Iota"
source = { git = "https://github.com/iotaledger/iota.git", rev = "vm-lang/aa-auth/8116-feature-branch", subdir = "crates/iota-framework/packages/iota-framework" }

dependencies = [
  { id = "MoveStdlib", name = "MoveStdlib" },
]

[[move.package]]
id = "MoveStdlib"
source = { git = "https://github.com/iotaledger/iota.git", rev = "vm-lang/aa-auth/8116-feature-branch", subdir = "crates/iota-framework/packages/move-stdlib" }

[move.toolchain-version]
compiler-version = "1.9.2-rc"
edition = "2024"
flavor = "iota"
